
Microsoft Visual Studio Solution File, Format Version 12.00
# Visual Studio Version 16
VisualStudioVersion = 16.0.33027.164
MinimumVisualStudioVersion = 10.0.40219.1
Project("{FAE04EC0-301F-11D3-BF4B-00C04F79EFBC}") = "AbstractClassesC", "AbstractClassesC.csproj", "{9DEC579E-6FA3-489C-8380-8CF306828AB3}"
EndProject
Global
	GlobalSection(SolutionConfigurationPlatforms) = preSolution
		Debug|Any CPU = Debug|Any CPU
		Release|Any CPU = Release|Any CPU
	EndGlobalSection
	GlobalSection(ProjectConfigurationPlatforms) = postSolution
		{9DEC579E-6FA3-489C-8380-8CF306828AB3}.Debug|Any CPU.ActiveCfg = Debug|Any CPU
		{9DEC579E-6FA3-489C-8380-8CF306828AB3}.Debug|Any CPU.Build.0 = Debug|Any CPU
		{9DEC579E-6FA3-489C-8380-8CF306828AB3}.Release|Any CPU.ActiveCfg = Release|Any CPU
		{9DEC579E-6FA3-489C-8380-8CF306828AB3}.Release|Any CPU.Build.0 = Release|Any CPU
	EndGlobalSection
	GlobalSection(SolutionProperties) = preSolution
		HideSolutionNode = FALSE
	EndGlobalSection
	GlobalSection(ExtensibilityGlobals) = postSolution
		SolutionGuid = {2E4643C3-A707-4686-B991-B6BF82710D99}
	EndGlobalSection
EndGlobal
