
Microsoft Visual Studio Solution File, Format Version 12.00
# Visual Studio Version 16
VisualStudioVersion = 16.0.32602.291
MinimumVisualStudioVersion = 10.0.40219.1
Project("{FAE04EC0-301F-11D3-BF4B-00C04F79EFBC}") = "HelloWorldd", "HelloWorldd.csproj", "{24700297-E3E3-47B2-B12C-CFC99EC2C945}"
EndProject
Global
	GlobalSection(SolutionConfigurationPlatforms) = preSolution
		Debug|Any CPU = Debug|Any CPU
		Release|Any CPU = Release|Any CPU
	EndGlobalSection
	GlobalSection(ProjectConfigurationPlatforms) = postSolution
		{24700297-E3E3-47B2-B12C-CFC99EC2C945}.Debug|Any CPU.ActiveCfg = Debug|Any CPU
		{24700297-E3E3-47B2-B12C-CFC99EC2C945}.Debug|Any CPU.Build.0 = Debug|Any CPU
		{24700297-E3E3-47B2-B12C-CFC99EC2C945}.Release|Any CPU.ActiveCfg = Release|Any CPU
		{24700297-E3E3-47B2-B12C-CFC99EC2C945}.Release|Any CPU.Build.0 = Release|Any CPU
	EndGlobalSection
	GlobalSection(SolutionProperties) = preSolution
		HideSolutionNode = FALSE
	EndGlobalSection
	GlobalSection(ExtensibilityGlobals) = postSolution
		SolutionGuid = {975FF040-E45B-41C7-B742-C8C6B0E77624}
	EndGlobalSection
EndGlobal
