
Microsoft Visual Studio Solution File, Format Version 12.00
# Visual Studio Version 17
VisualStudioVersion = 17.2.32616.157
MinimumVisualStudioVersion = 10.0.40219.1
Project("{FAE04EC0-301F-11D3-BF4B-00C04F79EFBC}") = "Excersizeapp", "Excersizeapp.csproj", "{A3680A8A-E0DF-4C93-86FD-1F350AC6D568}"
EndProject
Global
	GlobalSection(SolutionConfigurationPlatforms) = preSolution
		Debug|Any CPU = Debug|Any CPU
		Release|Any CPU = Release|Any CPU
	EndGlobalSection
	GlobalSection(ProjectConfigurationPlatforms) = postSolution
		{A3680A8A-E0DF-4C93-86FD-1F350AC6D568}.Debug|Any CPU.ActiveCfg = Debug|Any CPU
		{A3680A8A-E0DF-4C93-86FD-1F350AC6D568}.Debug|Any CPU.Build.0 = Debug|Any CPU
		{A3680A8A-E0DF-4C93-86FD-1F350AC6D568}.Release|Any CPU.ActiveCfg = Release|Any CPU
		{A3680A8A-E0DF-4C93-86FD-1F350AC6D568}.Release|Any CPU.Build.0 = Release|Any CPU
	EndGlobalSection
	GlobalSection(SolutionProperties) = preSolution
		HideSolutionNode = FALSE
	EndGlobalSection
	GlobalSection(ExtensibilityGlobals) = postSolution
		SolutionGuid = {2D3C6B91-0B9D-4428-844D-355C8BFCC531}
	EndGlobalSection
EndGlobal
