
Microsoft Visual Studio Solution File, Format Version 12.00
# Visual Studio Version 16
VisualStudioVersion = 16.0.33027.164
MinimumVisualStudioVersion = 10.0.40219.1
Project("{FAE04EC0-301F-11D3-BF4B-00C04F79EFBC}") = "WpfApp1-EventsInXAML", "WpfApp1-EventsInXAML.csproj", "{EB7DEB58-54A3-4462-8243-0A8C2EFD56D9}"
EndProject
Global
	GlobalSection(SolutionConfigurationPlatforms) = preSolution
		Debug|Any CPU = Debug|Any CPU
		Release|Any CPU = Release|Any CPU
	EndGlobalSection
	GlobalSection(ProjectConfigurationPlatforms) = postSolution
		{EB7DEB58-54A3-4462-8243-0A8C2EFD56D9}.Debug|Any CPU.ActiveCfg = Debug|Any CPU
		{EB7DEB58-54A3-4462-8243-0A8C2EFD56D9}.Debug|Any CPU.Build.0 = Debug|Any CPU
		{EB7DEB58-54A3-4462-8243-0A8C2EFD56D9}.Release|Any CPU.ActiveCfg = Release|Any CPU
		{EB7DEB58-54A3-4462-8243-0A8C2EFD56D9}.Release|Any CPU.Build.0 = Release|Any CPU
	EndGlobalSection
	GlobalSection(SolutionProperties) = preSolution
		HideSolutionNode = FALSE
	EndGlobalSection
	GlobalSection(ExtensibilityGlobals) = postSolution
		SolutionGuid = {F3B0F762-D542-494E-B2C8-D0AB02301BB3}
	EndGlobalSection
EndGlobal
