
Microsoft Visual Studio Solution File, Format Version 12.00
# Visual Studio Version 16
VisualStudioVersion = 16.0.33027.164
MinimumVisualStudioVersion = 10.0.40219.1
Project("{FAE04EC0-301F-11D3-BF4B-00C04F79EFBC}") = "Parsing-game-part-1-Assignment", "Parsing-game-part-1-Assignment.csproj", "{0F9F0F97-BB0A-4B79-B2FD-05E607315352}"
EndProject
Global
	GlobalSection(SolutionConfigurationPlatforms) = preSolution
		Debug|Any CPU = Debug|Any CPU
		Release|Any CPU = Release|Any CPU
	EndGlobalSection
	GlobalSection(ProjectConfigurationPlatforms) = postSolution
		{0F9F0F97-BB0A-4B79-B2FD-05E607315352}.Debug|Any CPU.ActiveCfg = Debug|Any CPU
		{0F9F0F97-BB0A-4B79-B2FD-05E607315352}.Debug|Any CPU.Build.0 = Debug|Any CPU
		{0F9F0F97-BB0A-4B79-B2FD-05E607315352}.Release|Any CPU.ActiveCfg = Release|Any CPU
		{0F9F0F97-BB0A-4B79-B2FD-05E607315352}.Release|Any CPU.Build.0 = Release|Any CPU
	EndGlobalSection
	GlobalSection(SolutionProperties) = preSolution
		HideSolutionNode = FALSE
	EndGlobalSection
	GlobalSection(ExtensibilityGlobals) = postSolution
		SolutionGuid = {99FB82C6-9D45-44C2-8F40-6D6846B811AF}
	EndGlobalSection
EndGlobal
