
Microsoft Visual Studio Solution File, Format Version 12.00
# Visual Studio Version 16
VisualStudioVersion = 16.0.32413.511
MinimumVisualStudioVersion = 10.0.40219.1
Project("{FAE04EC0-301F-11D3-BF4B-00C04F79EFBC}") = "7-Array", "7-Array.csproj", "{8D586763-74D8-4894-B7D7-6FC632C78614}"
EndProject
Global
	GlobalSection(SolutionConfigurationPlatforms) = preSolution
		Debug|Any CPU = Debug|Any CPU
		Release|Any CPU = Release|Any CPU
	EndGlobalSection
	GlobalSection(ProjectConfigurationPlatforms) = postSolution
		{8D586763-74D8-4894-B7D7-6FC632C78614}.Debug|Any CPU.ActiveCfg = Debug|Any CPU
		{8D586763-74D8-4894-B7D7-6FC632C78614}.Debug|Any CPU.Build.0 = Debug|Any CPU
		{8D586763-74D8-4894-B7D7-6FC632C78614}.Release|Any CPU.ActiveCfg = Release|Any CPU
		{8D586763-74D8-4894-B7D7-6FC632C78614}.Release|Any CPU.Build.0 = Release|Any CPU
	EndGlobalSection
	GlobalSection(SolutionProperties) = preSolution
		HideSolutionNode = FALSE
	EndGlobalSection
	GlobalSection(ExtensibilityGlobals) = postSolution
		SolutionGuid = {F1BAA8D9-4A8C-4AEC-A925-4CDF41AD308D}
	EndGlobalSection
EndGlobal
