
Microsoft Visual Studio Solution File, Format Version 12.00
# Visual Studio Version 16
VisualStudioVersion = 16.0.33027.164
MinimumVisualStudioVersion = 10.0.40219.1
Project("{FAE04EC0-301F-11D3-BF4B-00C04F79EFBC}") = "PolymorphismC", "PolymorphismC.csproj", "{52893A9F-426F-4D5E-A168-9569F0E706A6}"
EndProject
Global
	GlobalSection(SolutionConfigurationPlatforms) = preSolution
		Debug|Any CPU = Debug|Any CPU
		Release|Any CPU = Release|Any CPU
	EndGlobalSection
	GlobalSection(ProjectConfigurationPlatforms) = postSolution
		{52893A9F-426F-4D5E-A168-9569F0E706A6}.Debug|Any CPU.ActiveCfg = Debug|Any CPU
		{52893A9F-426F-4D5E-A168-9569F0E706A6}.Debug|Any CPU.Build.0 = Debug|Any CPU
		{52893A9F-426F-4D5E-A168-9569F0E706A6}.Release|Any CPU.ActiveCfg = Release|Any CPU
		{52893A9F-426F-4D5E-A168-9569F0E706A6}.Release|Any CPU.Build.0 = Release|Any CPU
	EndGlobalSection
	GlobalSection(SolutionProperties) = preSolution
		HideSolutionNode = FALSE
	EndGlobalSection
	GlobalSection(ExtensibilityGlobals) = postSolution
		SolutionGuid = {D6590C0F-1FC3-4B07-80E6-6A03C64CC01F}
	EndGlobalSection
EndGlobal
