
Microsoft Visual Studio Solution File, Format Version 12.00
# Visual Studio Version 16
VisualStudioVersion = 16.0.32413.511
MinimumVisualStudioVersion = 10.0.40219.1
Project("{FAE04EC0-301F-11D3-BF4B-00C04F79EFBC}") = "Oops", "Oops.csproj", "{F82FEB28-77FD-4769-A06A-22AB6AABEED0}"
EndProject
Global
	GlobalSection(SolutionConfigurationPlatforms) = preSolution
		Debug|Any CPU = Debug|Any CPU
		Release|Any CPU = Release|Any CPU
	EndGlobalSection
	GlobalSection(ProjectConfigurationPlatforms) = postSolution
		{F82FEB28-77FD-4769-A06A-22AB6AABEED0}.Debug|Any CPU.ActiveCfg = Debug|Any CPU
		{F82FEB28-77FD-4769-A06A-22AB6AABEED0}.Debug|Any CPU.Build.0 = Debug|Any CPU
		{F82FEB28-77FD-4769-A06A-22AB6AABEED0}.Release|Any CPU.ActiveCfg = Release|Any CPU
		{F82FEB28-77FD-4769-A06A-22AB6AABEED0}.Release|Any CPU.Build.0 = Release|Any CPU
	EndGlobalSection
	GlobalSection(SolutionProperties) = preSolution
		HideSolutionNode = FALSE
	EndGlobalSection
	GlobalSection(ExtensibilityGlobals) = postSolution
		SolutionGuid = {5E9F7090-85B7-4D05-9564-A080E1E8C744}
	EndGlobalSection
EndGlobal
