
Microsoft Visual Studio Solution File, Format Version 12.00
# Visual Studio Version 16
VisualStudioVersion = 16.0.33027.164
MinimumVisualStudioVersion = 10.0.40219.1
Project("{FAE04EC0-301F-11D3-BF4B-00C04F79EFBC}") = "InterfaceDemo", "InterfaceDemo.csproj", "{5E491223-90C8-4ECD-84C8-1102C983B02B}"
EndProject
Global
	GlobalSection(SolutionConfigurationPlatforms) = preSolution
		Debug|Any CPU = Debug|Any CPU
		Release|Any CPU = Release|Any CPU
	EndGlobalSection
	GlobalSection(ProjectConfigurationPlatforms) = postSolution
		{5E491223-90C8-4ECD-84C8-1102C983B02B}.Debug|Any CPU.ActiveCfg = Debug|Any CPU
		{5E491223-90C8-4ECD-84C8-1102C983B02B}.Debug|Any CPU.Build.0 = Debug|Any CPU
		{5E491223-90C8-4ECD-84C8-1102C983B02B}.Release|Any CPU.ActiveCfg = Release|Any CPU
		{5E491223-90C8-4ECD-84C8-1102C983B02B}.Release|Any CPU.Build.0 = Release|Any CPU
	EndGlobalSection
	GlobalSection(SolutionProperties) = preSolution
		HideSolutionNode = FALSE
	EndGlobalSection
	GlobalSection(ExtensibilityGlobals) = postSolution
		SolutionGuid = {1732224D-474A-4092-B86D-2D980767A665}
	EndGlobalSection
EndGlobal
