
Microsoft Visual Studio Solution File, Format Version 12.00
# Visual Studio Version 16
VisualStudioVersion = 16.0.33027.164
MinimumVisualStudioVersion = 10.0.40219.1
Project("{FAE04EC0-301F-11D3-BF4B-00C04F79EFBC}") = "IEnumeratorAndIEnumerable", "IEnumeratorAndIEnumerable.csproj", "{54A33EE9-C232-4FD1-A060-85FFCDF4C8A1}"
EndProject
Global
	GlobalSection(SolutionConfigurationPlatforms) = preSolution
		Debug|Any CPU = Debug|Any CPU
		Release|Any CPU = Release|Any CPU
	EndGlobalSection
	GlobalSection(ProjectConfigurationPlatforms) = postSolution
		{54A33EE9-C232-4FD1-A060-85FFCDF4C8A1}.Debug|Any CPU.ActiveCfg = Debug|Any CPU
		{54A33EE9-C232-4FD1-A060-85FFCDF4C8A1}.Debug|Any CPU.Build.0 = Debug|Any CPU
		{54A33EE9-C232-4FD1-A060-85FFCDF4C8A1}.Release|Any CPU.ActiveCfg = Release|Any CPU
		{54A33EE9-C232-4FD1-A060-85FFCDF4C8A1}.Release|Any CPU.Build.0 = Release|Any CPU
	EndGlobalSection
	GlobalSection(SolutionProperties) = preSolution
		HideSolutionNode = FALSE
	EndGlobalSection
	GlobalSection(ExtensibilityGlobals) = postSolution
		SolutionGuid = {C662DA51-3BC5-49B1-9B11-4ABDDDDFE032}
	EndGlobalSection
EndGlobal
