
Microsoft Visual Studio Solution File, Format Version 12.00
# Visual Studio Version 16
VisualStudioVersion = 16.0.31515.178
MinimumVisualStudioVersion = 10.0.40219.1
Project("{FAE04EC0-301F-11D3-BF4B-00C04F79EFBC}") = "Debuggigng", "Debuggigng.csproj", "{EE883E72-D006-4011-A516-EDB055DF66DD}"
EndProject
Global
	GlobalSection(SolutionConfigurationPlatforms) = preSolution
		Debug|Any CPU = Debug|Any CPU
		Release|Any CPU = Release|Any CPU
	EndGlobalSection
	GlobalSection(ProjectConfigurationPlatforms) = postSolution
		{EE883E72-D006-4011-A516-EDB055DF66DD}.Debug|Any CPU.ActiveCfg = Debug|Any CPU
		{EE883E72-D006-4011-A516-EDB055DF66DD}.Debug|Any CPU.Build.0 = Debug|Any CPU
		{EE883E72-D006-4011-A516-EDB055DF66DD}.Release|Any CPU.ActiveCfg = Release|Any CPU
		{EE883E72-D006-4011-A516-EDB055DF66DD}.Release|Any CPU.Build.0 = Release|Any CPU
	EndGlobalSection
	GlobalSection(SolutionProperties) = preSolution
		HideSolutionNode = FALSE
	EndGlobalSection
	GlobalSection(ExtensibilityGlobals) = postSolution
		SolutionGuid = {863074C7-8373-415D-8E01-1963A6646786}
	EndGlobalSection
EndGlobal
